# This file is autogenerated, do not edit; changes may be undone by the next 'dep ensure'.


[[projects]]
  digest = "1:cd61c288406d5d80572967f908a23a1f0ffbf460e926269672e955f4a88b79bc"
  name = "cloud.google.com/go"
  packages = [
    "compute/metadata",
    "internal/version",
    "monitoring/apiv3",
    "profiler",
    "trace/apiv2",
  ]
  pruneopts = "UT"
  revision = "457ea5c15ccf3b87db582c450e80101989da35f7"
  version = "v0.40.0"

[[projects]]
  digest = "1:bcd1b2dd631e720b6129e801bf0766c50fb4d39455c0a255047e8fc71c31152f"
  name = "contrib.go.opencensus.io/exporter/jaeger"
  packages = ["."]
  pruneopts = "UT"
  revision = "540daef1da72376e9b3e1d52e4f90403d72f5c00"
  version = "v0.2.0"

[[projects]]
  digest = "1:4b96dcd8534bc6450a922bd16a76360ba3381f0d1daf40abbaec91c053fbfeb5"
  name = "contrib.go.opencensus.io/exporter/stackdriver"
  packages = ["."]
  pruneopts = "UT"
  revision = "37aa2801fbf0205003e15636096ebf0373510288"
  version = "v0.5.0"

[[projects]]
  digest = "1:ebbe0daf3a3e16f100dc5685e2e1137309855cfc23322a061e76a1cf498ce96c"
  name = "github.com/DataDog/datadog-go"
  packages = ["statsd"]
  pruneopts = "UT"
  revision = "009ba0aea8e47ded9033b94645987ff419cba86b"
  version = "v3.5.0"

[[projects]]
  digest = "1:c4f0a05580fb5d27e1cc8f5723a8d33fd97590a931e845f23b104e05c02ea80b"
  name = "github.com/GoogleCloudPlatform/microservices-demo"
  packages = [
    "src/frontend/genproto",
    "src/frontend/money",
  ]
  pruneopts = "UT"
  revision = "610668509ac5e3ba461688af55eb075eedfb274d"
  version = "v0.1.5"

[[projects]]
  digest = "1:0dc534b71ae5bc3b5eba5cfc86fc574d35015ae8794ae18c41f23e9c9ed78dfb"
  name = "github.com/golang/protobuf"
  packages = [
    "proto",
    "protoc-gen-go/descriptor",
    "ptypes",
    "ptypes/any",
    "ptypes/duration",
    "ptypes/empty",
    "ptypes/struct",
    "ptypes/timestamp",
    "ptypes/wrappers",
  ]
  pruneopts = "UT"
  revision = "1b794fe86dd6a0c7c52ae69b5c9cb0aeedc52afa"
  version = "v1.4.0"

[[projects]]
  digest = "1:0aeda02073125667ac6c9df50c7921cb22c08a4accdc54589c697a7e76be65c2"
  name = "github.com/google/go-cmp"
  packages = [
    "cmp",
    "cmp/internal/diff",
    "cmp/internal/flags",
    "cmp/internal/function",
    "cmp/internal/value",
  ]
  pruneopts = "UT"
  revision = "5a6f75716e1203a923a78c9efb94089d857df0f6"
  version = "v0.4.0"

[[projects]]
  branch = "master"
  digest = "1:7f49181edc3aa34ec3145a0050ce4af901a9c3238774f362784ce39227bc1f3a"
  name = "github.com/google/pprof"
  packages = ["profile"]
  pruneopts = "UT"
  revision = "c6e0a841f49a24fb25b923df737d875cf12b6a96"

[[projects]]
  digest = "1:582b704bebaa06b48c29b0cec224a6058a09c86883aaddabde889cd1a5f73e1b"
  name = "github.com/google/uuid"
  packages = ["."]
  pruneopts = "UT"
  revision = "0cd6bf5da1e1c83f8b45653022c74f71af0538a4"
  version = "v1.1.1"

[[projects]]
  digest = "1:766102087520f9d54f2acc72bd6637045900ac735b4a419b128d216f0c5c4876"
  name = "github.com/googleapis/gax-go"
  packages = ["v2"]
  pruneopts = "UT"
  revision = "bd5b16380fd03dc758d11cef74ba2e3bc8b0e8c2"
  version = "v2.0.5"

[[projects]]
  digest = "1:25ebe6496abb289ef977c081b2d49f56dd97c32db4ca083d37f95923909ced02"
  name = "github.com/gorilla/mux"
  packages = ["."]
  pruneopts = "UT"
  revision = "75dcda0896e109a2a22c9315bca3bb21b87b2ba5"
  version = "v1.7.4"

[[projects]]
  digest = "1:31e761d97c76151dde79e9d28964a812c46efc5baee4085b86f68f0c654450de"
  name = "github.com/konsorten/go-windows-terminal-sequences"
  packages = ["."]
  pruneopts = "UT"
  revision = "f55edac94c9bbba5d6182a4be46d86a2c9b5b50e"
  version = "v1.0.2"

[[projects]]
  digest = "1:5e73b34a27d827212102605789de00bd411b2e434812133c83935fe9897c75e1"
  name = "github.com/philhofer/fwd"
  packages = ["."]
  pruneopts = "UT"
  revision = "bb6d471dc95d4fe11e432687f8b70ff496cf3136"
  version = "v1.0.0"

[[projects]]
  digest = "1:cf31692c14422fa27c83a05292eb5cbe0fb2775972e8f1f8446a71549bd8980b"
  name = "github.com/pkg/errors"
  packages = ["."]
  pruneopts = "UT"
  revision = "ba968bfe8b2f7e042a574c888954fccecfa385b4"
  version = "v0.8.1"

[[projects]]
  digest = "1:0599141a8403114d34f1e546604ad6c5361b70dfa80e80c635f438cdbf71b43a"
  name = "github.com/sirupsen/logrus"
  packages = ["."]
  pruneopts = "UT"
  revision = "d417be0fe654de640a82370515129985b407c7e3"
  version = "v1.5.0"

[[projects]]
  digest = "1:6636bfca29dde8561c03e98ccddbe36240f13a01ac770d7ea07f4fd019ed6e65"
  name = "github.com/tinylib/msgp"
  packages = ["msgp"]
  pruneopts = "UT"
  revision = "4253cdaa5267687e3b7612da7ff105d4414174da"
  version = "v1.1.2"

[[projects]]
  digest = "1:a6175cb931f5b9da33e92f6057e0de28badbe6dfdc32f4bf378ffd9a2c461d03"
  name = "github.com/uber/jaeger-client-go"
  packages = [
    "thrift",
    "thrift-gen/agent",
    "thrift-gen/jaeger",
    "thrift-gen/zipkincore",
  ]
  pruneopts = "UT"
  revision = "2d55657eac169e2a86b4fcc1a421e26a9a485b63"
  version = "v2.22.1"

[[projects]]
  digest = "1:1bb914cfb78f68f488a91cd7872d3d06a5f83c5bbacf0296dbef44e120b00a91"
  name = "go.opencensus.io"
  packages = [
    ".",
    "internal",
    "internal/tagencoding",
    "plugin/ocgrpc",
    "plugin/ochttp",
    "plugin/ochttp/propagation/b3",
    "stats",
    "stats/internal",
    "stats/view",
    "tag",
    "trace",
    "trace/internal",
    "trace/propagation",
    "trace/tracestate",
  ]
  pruneopts = "UT"
  revision = "b11f239c032624b045c4c2bfd3d1287b4012ce89"
  version = "v0.16.0"

[[projects]]
  branch = "master"
  digest = "1:a103d9c7d2edf2294696edf9d65c5a587e228a4409fee53e38c9b087fb147508"
  name = "golang.org/x/net"
  packages = [
    "context",
    "context/ctxhttp",
    "http/httpguts",
    "http2",
    "http2/hpack",
    "idna",
    "internal/timeseries",
    "trace",
  ]
  pruneopts = "UT"
  revision = "d3edc9973b7eb1fb302b0ff2c62357091cea9a30"

[[projects]]
  branch = "master"
  digest = "1:79edde3241bb55de9f4143d5083bfcff722e550c3cb8db94084eab50d0e440b5"
  name = "golang.org/x/oauth2"
  packages = [
    ".",
    "google",
    "internal",
    "jws",
    "jwt",
  ]
  pruneopts = "UT"
  revision = "bf48bf16ab8d622ce64ec6ce98d2c98f916b6303"

[[projects]]
  branch = "master"
  digest = "1:4692f916cb72b2c295f04841036d85a3f13e96d1cc9e8e4c2c30edebac518053"
  name = "golang.org/x/sync"
  packages = ["semaphore"]
  pruneopts = "UT"
  revision = "43a5402ce75a95522677f77c619865d66b8c57ab"

[[projects]]
  branch = "master"
  digest = "1:968aac203feaa75d5e4c758550abcd9523dd736e5e3c2892e94feb9006e4fb36"
  name = "golang.org/x/sys"
  packages = [
    "unix",
    "windows",
  ]
  pruneopts = "UT"
  revision = "669c56c373c468cbe0f0c12b7939832b26088d33"

[[projects]]
  digest = "1:8d8faad6b12a3a4c819a3f9618cb6ee1fa1cfc33253abeeea8b55336721e3405"
  name = "golang.org/x/text"
  packages = [
    "collate",
    "collate/build",
    "internal/colltab",
    "internal/gen",
    "internal/language",
    "internal/language/compact",
    "internal/tag",
    "internal/triegen",
    "internal/ucd",
    "language",
    "secure/bidirule",
    "transform",
    "unicode/bidi",
    "unicode/cldr",
    "unicode/norm",
    "unicode/rangetable",
  ]
  pruneopts = "UT"
  revision = "342b2e1fbaa52c93f31447ad2c6abc048c63e475"
  version = "v0.3.2"

[[projects]]
  branch = "master"
  digest = "1:908ad1a739c1afa54078eec5dc8a56b8ed01c0576b52ca61600471682fce4c33"
  name = "golang.org/x/time"
  packages = ["rate"]
  pruneopts = "UT"
  revision = "89c76fbcd5d1cd4969e5d2fe19d48b19d5ad94a0"

[[projects]]
  branch = "master"
  digest = "1:918a46e4a2fb83df33f668f5a6bd51b2996775d073fce1800d3ec01b0a5ddd2b"
  name = "golang.org/x/xerrors"
  packages = [
    ".",
    "internal",
  ]
  pruneopts = "UT"
  revision = "9bdfabe68543c54f90421aeb9a60ef8061b5b544"

[[projects]]
  branch = "master"
  digest = "1:67a3e7604ad03e4b4f30f97b7afa53fa8d630d1d3adf525956f253a6f8d523f1"
  name = "google.golang.org/api"
  packages = [
    "googleapi/transport",
    "internal",
    "iterator",
    "option",
    "support/bundler",
    "transport",
    "transport/cert",
    "transport/grpc",
    "transport/http",
    "transport/http/internal/propagation",
  ]
  pruneopts = "UT"
  revision = "c8cf5cff125e500044b60204f230024dcc49c3a3"

[[projects]]
  digest = "1:8bfd786ba7ea1b876755d12ad31867641493958003ec85cb929410668305862e"
  name = "google.golang.org/appengine"
  packages = [
    ".",
    "internal",
    "internal/app_identity",
    "internal/base",
    "internal/datastore",
    "internal/log",
    "internal/modules",
    "internal/remote_api",
    "internal/socket",
    "internal/urlfetch",
    "log",
    "socket",
    "urlfetch",
  ]
  pruneopts = "UT"
  revision = "971852bfffca25b069c31162ae8f247a3dba083b"
  version = "v1.6.5"

[[projects]]
  branch = "master"
  digest = "1:a5b2dc0b9ca25fc7285a1c622267d19637c98efda15ea95cc98cabdf81f8b2aa"
  name = "google.golang.org/genproto"
  packages = [
    "googleapis/api",
    "googleapis/api/annotations",
    "googleapis/api/distribution",
    "googleapis/api/label",
    "googleapis/api/metric",
    "googleapis/api/monitoredres",
    "googleapis/devtools/cloudprofiler/v2",
    "googleapis/devtools/cloudtrace/v2",
    "googleapis/monitoring/v3",
    "googleapis/rpc/errdetails",
    "googleapis/rpc/status",
    "googleapis/type/calendarperiod",
    "protobuf/field_mask",
  ]
  pruneopts = "UT"
  revision = "8751e049a2a0a638c31143fd6d1e8d569eb6d280"

[[projects]]
  digest = "1:6ff5d0fc1c8e4c73c1e9f03218fcfb7f2f462ae2ae6e4f9358829814b880f9fc"
  name = "google.golang.org/grpc"
  packages = [
    ".",
    "attributes",
    "backoff",
    "balancer",
    "balancer/base",
    "balancer/grpclb",
    "balancer/grpclb/grpc_lb_v1",
    "balancer/roundrobin",
    "binarylog/grpc_binarylog_v1",
    "codes",
    "connectivity",
    "credentials",
    "credentials/alts",
    "credentials/alts/internal",
    "credentials/alts/internal/authinfo",
    "credentials/alts/internal/conn",
    "credentials/alts/internal/handshaker",
    "credentials/alts/internal/handshaker/service",
    "credentials/alts/internal/proto/grpc_gcp",
    "credentials/google",
    "credentials/internal",
    "credentials/oauth",
    "encoding",
    "encoding/proto",
    "grpclog",
    "internal",
    "internal/backoff",
    "internal/balancerload",
    "internal/binarylog",
    "internal/buffer",
    "internal/channelz",
    "internal/envconfig",
    "internal/grpclog",
    "internal/grpcrand",
    "internal/grpcsync",
    "internal/grpcutil",
    "internal/resolver/dns",
    "internal/resolver/passthrough",
    "internal/syscall",
    "internal/transport",
    "keepalive",
    "metadata",
    "naming",
    "peer",
    "resolver",
    "serviceconfig",
    "stats",
    "status",
    "tap",
  ]
  pruneopts = "UT"
  revision = "ac54eec90516cee50fc6b9b113b34628a85f976f"
  version = "v1.28.1"

[[projects]]
  digest = "1:41fbd13f106482cf8698cdeec9e9f1ad733d29060523287da63de29243dd3339"
  name = "google.golang.org/protobuf"
  packages = [
    "encoding/prototext",
    "encoding/protowire",
    "internal/descfmt",
    "internal/descopts",
    "internal/detrand",
    "internal/encoding/defval",
    "internal/encoding/messageset",
    "internal/encoding/tag",
    "internal/encoding/text",
    "internal/errors",
    "internal/fieldnum",
    "internal/fieldsort",
    "internal/filedesc",
    "internal/filetype",
    "internal/flags",
    "internal/genname",
    "internal/impl",
    "internal/mapsort",
    "internal/pragma",
    "internal/set",
    "internal/strs",
    "internal/version",
    "proto",
    "reflect/protoreflect",
    "reflect/protoregistry",
    "runtime/protoiface",
    "runtime/protoimpl",
    "types/descriptorpb",
    "types/known/anypb",
    "types/known/durationpb",
    "types/known/emptypb",
    "types/known/structpb",
    "types/known/timestamppb",
    "types/known/wrapperspb",
  ]
  pruneopts = "UT"
  revision = "3b9eee12916ce611400f93d6c2fed2fc2911b0ad"
  version = "v1.21.0"

[[projects]]
  digest = "1:d4be350c90e0a3b0e0b1a61680aa6247fe78d721e818fad90d5488cc6974975d"
  name = "gopkg.in/DataDog/dd-trace-go.v1"
  packages = [
    "contrib/gorilla/mux",
    "contrib/internal/httputil",
    "contrib/internal/lists",
    "ddtrace",
    "ddtrace/ext",
    "ddtrace/internal",
    "ddtrace/tracer",
    "internal/globalconfig",
    "internal/log",
    "internal/version",
  ]
  pruneopts = "UT"
  revision = "9b02ec4a4e5b2aee3c162eafca0482bcbe55ce73"
  version = "v1.23.1"

[solve-meta]
  analyzer-name = "dep"
  analyzer-version = 1
  input-imports = [
    "cloud.google.com/go/profiler",
    "contrib.go.opencensus.io/exporter/jaeger",
    "contrib.go.opencensus.io/exporter/stackdriver",
    "github.com/GoogleCloudPlatform/microservices-demo/src/frontend/genproto",
    "github.com/GoogleCloudPlatform/microservices-demo/src/frontend/money",
    "github.com/golang/protobuf/proto",
    "github.com/google/uuid",
    "github.com/gorilla/mux",
    "github.com/pkg/errors",
    "github.com/sirupsen/logrus",
    "go.opencensus.io/plugin/ocgrpc",
    "go.opencensus.io/plugin/ochttp",
    "go.opencensus.io/plugin/ochttp/propagation/b3",
    "go.opencensus.io/stats/view",
    "go.opencensus.io/trace",
    "golang.org/x/net/context",
    "google.golang.org/appengine/log",
    "google.golang.org/grpc",
    "gopkg.in/DataDog/dd-trace-go.v1/contrib/gorilla/mux",
    "gopkg.in/DataDog/dd-trace-go.v1/ddtrace/tracer",
  ]
  solver-name = "gps-cdcl"
  solver-version = 1
